{
  "name": "vault-to-earn",
  "version": "1.0.0",
  "lockfileVersion": 3,
  "requires": true,
  "packages": {
    "": {
      "name": "vault-to-earn",
      "version": "1.0.0",
      "license": "MIT",
      "dependencies": {
        "@openzeppelin/contracts": "^5.0.0"
      },
      "devDependencies": {
        "@nomicfoundation/hardhat-toolbox": "^5.0.0",
        "dotenv": "^16.4.0",
        "hardhat": "^2.22.0",
        "solhint": "^3.6.2"
      }
    },
    "node_modules/@openzeppelin/contracts": {
      "version": "5.0.1",
      "resolved": "https://registry.npmjs.org/@openzeppelin/contracts/-/contracts-5.0.1.tgz",
      "integrity": "sha512-CnvQXKb7O6Nk5ep3NxKRp1F5ZBAbLq0S9vZaYxY1t+LbqcFJ6EoGKsG7xJxQJ6Lugr05x2P5nTrc9zVFaZPOYA=="
    },
    "node_modules/@nomicfoundation/hardhat-toolbox": {
      "version": "5.0.0",
      "resolved": "https://registry.npmjs.org/@nomicfoundation/hardhat-toolbox/-/hardhat-toolbox-5.0.0.tgz",
      "integrity": "sha512-jKXmF3ov5V4Q1mw9RhZcF9Vq7QD6hWmtTWJ7lAwFpNSgE4SHPaPOxgnwvw2L5+DkjPItmCAV8Vjmnfmjs0LJTA==",
      "dev": true
    },
    "node_modules/dotenv": {
      "version": "16.4.0",
      "resolved": "https://registry.npmjs.org/dotenv/-/dotenv-16.4.0.tgz",
      "integrity": "sha512-hf0s5tZg1elz65EWJxv5JpwZKSTWISw4fFMvx6bMpiKFFitvolG/Gp2yeKR6t3ECpTzY4xXHzkwmo7aX0y0Z9Q==",
      "dev": true
    },
    "node_modules/hardhat": {
      "version": "2.22.0",
      "resolved": "https://registry.npmjs.org/hardhat/-/hardhat-2.22.0.tgz",
      "integrity": "sha512-FV1kEy7HxVn2VvU2pMUQ/SFmkKxHqCHt8m7zJABdKNRfbH/7dJgG1FJ6luVmwURWJxF9weRWUdiZ4K2lmA4e+w==",
      "dev": true
    },
    "node_modules/solhint": {
      "version": "3.6.2",
      "resolved": "https://registry.npmjs.org/solhint/-/solhint-3.6.2.tgz",
      "integrity": "sha512-MqK8XpRZcx9tAq1hpgDbUAzEgEgU7p6jVNg87UoSQw7tUOE9gHEga6ZgpWGJ6pO6X5sAbnTT8e+tRWrQ1ZpvKA==",
      "dev": true
    }
  },
  "dependencies": {
    "@openzeppelin/contracts": {
      "version": "5.0.1",
      "resolved": "https://registry.npmjs.org/@openzeppelin/contracts/-/contracts-5.0.1.tgz",
      "integrity": "sha512-CnvQXKb7O6Nk5ep3NxKRp1F5ZBAbLq0S9vZaYxY1t+LbqcFJ6EoGKsG7xJxQJ6Lugr05x2P5nTrc9zVFaZPOYA=="
    }
  }
}
